
Microsoft Visual Studio Solution File, Format Version 12.00
# Visual Studio Version 17
VisualStudioVersion = 17.14.36202.13
MinimumVisualStudioVersion = 10.0.40219.1
Project("{FAE04EC0-301F-11D3-BF4B-00C04F79EFBC}") = "TransactionService", "TransactionService\TransactionService.csproj", "{99B59F9B-8974-470C-8519-9E25B260D0E6}"
EndProject
Project("{FAE04EC0-301F-11D3-BF4B-00C04F79EFBC}") = "TransactionService.Db", "TransactionService.Db\TransactionService.Db.csproj", "{C2A62976-214E-4872-8DA3-C85EFDFB07A1}"
EndProject
Project("{FAE04EC0-301F-11D3-BF4B-00C04F79EFBC}") = "TransactionService.Models", "TransactionService.Models\TransactionService.Models.csproj", "{4E1E435F-1F63-44FF-8392-FF316BB2A802}"
EndProject
Global
	GlobalSection(SolutionConfigurationPlatforms) = preSolution
		Debug|Any CPU = Debug|Any CPU
		Release|Any CPU = Release|Any CPU
	EndGlobalSection
	GlobalSection(ProjectConfigurationPlatforms) = postSolution
		{99B59F9B-8974-470C-8519-9E25B260D0E6}.Debug|Any CPU.ActiveCfg = Debug|Any CPU
		{99B59F9B-8974-470C-8519-9E25B260D0E6}.Debug|Any CPU.Build.0 = Debug|Any CPU
		{99B59F9B-8974-470C-8519-9E25B260D0E6}.Release|Any CPU.ActiveCfg = Release|Any CPU
		{99B59F9B-8974-470C-8519-9E25B260D0E6}.Release|Any CPU.Build.0 = Release|Any CPU
		{C2A62976-214E-4872-8DA3-C85EFDFB07A1}.Debug|Any CPU.ActiveCfg = Debug|Any CPU
		{C2A62976-214E-4872-8DA3-C85EFDFB07A1}.Debug|Any CPU.Build.0 = Debug|Any CPU
		{C2A62976-214E-4872-8DA3-C85EFDFB07A1}.Release|Any CPU.ActiveCfg = Release|Any CPU
		{C2A62976-214E-4872-8DA3-C85EFDFB07A1}.Release|Any CPU.Build.0 = Release|Any CPU
		{4E1E435F-1F63-44FF-8392-FF316BB2A802}.Debug|Any CPU.ActiveCfg = Debug|Any CPU
		{4E1E435F-1F63-44FF-8392-FF316BB2A802}.Debug|Any CPU.Build.0 = Debug|Any CPU
		{4E1E435F-1F63-44FF-8392-FF316BB2A802}.Release|Any CPU.ActiveCfg = Release|Any CPU
		{4E1E435F-1F63-44FF-8392-FF316BB2A802}.Release|Any CPU.Build.0 = Release|Any CPU
	EndGlobalSection
	GlobalSection(SolutionProperties) = preSolution
		HideSolutionNode = FALSE
	EndGlobalSection
	GlobalSection(ExtensibilityGlobals) = postSolution
		SolutionGuid = {90EAC565-6F8B-4547-A8AE-D681379C745B}
	EndGlobalSection
EndGlobal
